
Microsoft Visual Studio Solution File, Format Version 12.00
# Visual Studio Version 16
VisualStudioVersion = 16.0.31321.278
MinimumVisualStudioVersion = 10.0.40219.1
Project("{9A19103F-16F7-4668-BE54-9A1E7A4F7556}") = "StockAPI", "StockAPI\StockAPI.csproj", "{B4CFAAD0-03B2-4F06-BD6A-C366B1C8C0EF}"
EndProject
Project("{9A19103F-16F7-4668-BE54-9A1E7A4F7556}") = "Data", "DataAccess\Data.csproj", "{ED2F33BA-CCB3-4A85-931B-277118249994}"
EndProject
Project("{9A19103F-16F7-4668-BE54-9A1E7A4F7556}") = "Domain", "Domain\Domain.csproj", "{41770850-C64F-4997-A6D8-A9E7F6ACC0CF}"
EndProject
Project("{9A19103F-16F7-4668-BE54-9A1E7A4F7556}") = "Application", "Application\Application.csproj", "{414D245E-EA36-4AB6-940B-9119277FC592}"
EndProject
Project("{9A19103F-16F7-4668-BE54-9A1E7A4F7556}") = "SharedKernel", "SharedKernel\SharedKernel.csproj", "{017EC746-6660-44C6-A02B-BC07D2645411}"
EndProject
Project("{9A19103F-16F7-4668-BE54-9A1E7A4F7556}") = "MassTransitMessagingTestService", "MassTransitMessagingTestService\MassTransitMessagingTestService.csproj", "{C104450F-817F-45D4-BD8E-E960BD71CB49}"
EndProject
Project("{9A19103F-16F7-4668-BE54-9A1E7A4F7556}") = "EventCateringProjectTestsNUnit", "EventCateringProjectTests\EventCateringProjectTestsNUnit.csproj", "{EB4ED0B7-A5E3-445D-8CC4-F19AB7924DB9}"
EndProject
Global
	GlobalSection(SolutionConfigurationPlatforms) = preSolution
		Debug|Any CPU = Debug|Any CPU
		Release|Any CPU = Release|Any CPU
	EndGlobalSection
	GlobalSection(ProjectConfigurationPlatforms) = postSolution
		{B4CFAAD0-03B2-4F06-BD6A-C366B1C8C0EF}.Debug|Any CPU.ActiveCfg = Debug|Any CPU
		{B4CFAAD0-03B2-4F06-BD6A-C366B1C8C0EF}.Debug|Any CPU.Build.0 = Debug|Any CPU
		{B4CFAAD0-03B2-4F06-BD6A-C366B1C8C0EF}.Release|Any CPU.ActiveCfg = Release|Any CPU
		{B4CFAAD0-03B2-4F06-BD6A-C366B1C8C0EF}.Release|Any CPU.Build.0 = Release|Any CPU
		{ED2F33BA-CCB3-4A85-931B-277118249994}.Debug|Any CPU.ActiveCfg = Debug|Any CPU
		{ED2F33BA-CCB3-4A85-931B-277118249994}.Debug|Any CPU.Build.0 = Debug|Any CPU
		{ED2F33BA-CCB3-4A85-931B-277118249994}.Release|Any CPU.ActiveCfg = Release|Any CPU
		{ED2F33BA-CCB3-4A85-931B-277118249994}.Release|Any CPU.Build.0 = Release|Any CPU
		{41770850-C64F-4997-A6D8-A9E7F6ACC0CF}.Debug|Any CPU.ActiveCfg = Debug|Any CPU
		{41770850-C64F-4997-A6D8-A9E7F6ACC0CF}.Debug|Any CPU.Build.0 = Debug|Any CPU
		{41770850-C64F-4997-A6D8-A9E7F6ACC0CF}.Release|Any CPU.ActiveCfg = Release|Any CPU
		{41770850-C64F-4997-A6D8-A9E7F6ACC0CF}.Release|Any CPU.Build.0 = Release|Any CPU
		{414D245E-EA36-4AB6-940B-9119277FC592}.Debug|Any CPU.ActiveCfg = Debug|Any CPU
		{414D245E-EA36-4AB6-940B-9119277FC592}.Debug|Any CPU.Build.0 = Debug|Any CPU
		{414D245E-EA36-4AB6-940B-9119277FC592}.Release|Any CPU.ActiveCfg = Release|Any CPU
		{414D245E-EA36-4AB6-940B-9119277FC592}.Release|Any CPU.Build.0 = Release|Any CPU
		{017EC746-6660-44C6-A02B-BC07D2645411}.Debug|Any CPU.ActiveCfg = Debug|Any CPU
		{017EC746-6660-44C6-A02B-BC07D2645411}.Debug|Any CPU.Build.0 = Debug|Any CPU
		{017EC746-6660-44C6-A02B-BC07D2645411}.Release|Any CPU.ActiveCfg = Release|Any CPU
		{017EC746-6660-44C6-A02B-BC07D2645411}.Release|Any CPU.Build.0 = Release|Any CPU
		{C104450F-817F-45D4-BD8E-E960BD71CB49}.Debug|Any CPU.ActiveCfg = Debug|Any CPU
		{C104450F-817F-45D4-BD8E-E960BD71CB49}.Debug|Any CPU.Build.0 = Debug|Any CPU
		{C104450F-817F-45D4-BD8E-E960BD71CB49}.Release|Any CPU.ActiveCfg = Release|Any CPU
		{C104450F-817F-45D4-BD8E-E960BD71CB49}.Release|Any CPU.Build.0 = Release|Any CPU
		{EB4ED0B7-A5E3-445D-8CC4-F19AB7924DB9}.Debug|Any CPU.ActiveCfg = Debug|Any CPU
		{EB4ED0B7-A5E3-445D-8CC4-F19AB7924DB9}.Debug|Any CPU.Build.0 = Debug|Any CPU
		{EB4ED0B7-A5E3-445D-8CC4-F19AB7924DB9}.Release|Any CPU.ActiveCfg = Release|Any CPU
		{EB4ED0B7-A5E3-445D-8CC4-F19AB7924DB9}.Release|Any CPU.Build.0 = Release|Any CPU
	EndGlobalSection
	GlobalSection(SolutionProperties) = preSolution
		HideSolutionNode = FALSE
	EndGlobalSection
	GlobalSection(ExtensibilityGlobals) = postSolution
		SolutionGuid = {1C381029-9A65-4781-BB3F-373FFDFAB529}
	EndGlobalSection
EndGlobal
